
Microsoft Visual Studio Solution File, Format Version 12.00
# Visual Studio Version 17
VisualStudioVersion = 17.14.36202.13 d17.14
MinimumVisualStudioVersion = 10.0.40219.1
Project("{FAE04EC0-301F-11D3-BF4B-00C04F79EFBC}") = "HouseBroker.API", "HouseBroker.API\HouseBroker.API.csproj", "{29B8182C-89F4-4667-8BA6-31252D2B9EAE}"
EndProject
Project("{FAE04EC0-301F-11D3-BF4B-00C04F79EFBC}") = "HouseBroker.Application", "HouseBroker.Application\HouseBroker.Application.csproj", "{3224AA90-DD05-4916-901C-DA32E15F55F5}"
EndProject
Project("{FAE04EC0-301F-11D3-BF4B-00C04F79EFBC}") = "HouseBroker.Domain", "HouseBroker.Domain\HouseBroker.Domain.csproj", "{DE33FC97-D673-42A3-AE11-1DC49AAC4BDF}"
EndProject
Project("{FAE04EC0-301F-11D3-BF4B-00C04F79EFBC}") = "HouseBroker.Infrastructure", "HouseBroker.Infrastructure\HouseBroker.Infrastructure.csproj", "{98BA12F4-6E68-4DEA-99D7-5EFE68D7267E}"
EndProject
Project("{FAE04EC0-301F-11D3-BF4B-00C04F79EFBC}") = "HouseBroker.Tests", "HouseBroker.Tests\HouseBroker.Tests.csproj", "{0C6EF282-D2AB-4369-911F-33E35275D315}"
EndProject
Global
	GlobalSection(SolutionConfigurationPlatforms) = preSolution
		Debug|Any CPU = Debug|Any CPU
		Release|Any CPU = Release|Any CPU
	EndGlobalSection
	GlobalSection(ProjectConfigurationPlatforms) = postSolution
		{29B8182C-89F4-4667-8BA6-31252D2B9EAE}.Debug|Any CPU.ActiveCfg = Debug|Any CPU
		{29B8182C-89F4-4667-8BA6-31252D2B9EAE}.Debug|Any CPU.Build.0 = Debug|Any CPU
		{29B8182C-89F4-4667-8BA6-31252D2B9EAE}.Release|Any CPU.ActiveCfg = Release|Any CPU
		{29B8182C-89F4-4667-8BA6-31252D2B9EAE}.Release|Any CPU.Build.0 = Release|Any CPU
		{3224AA90-DD05-4916-901C-DA32E15F55F5}.Debug|Any CPU.ActiveCfg = Debug|Any CPU
		{3224AA90-DD05-4916-901C-DA32E15F55F5}.Debug|Any CPU.Build.0 = Debug|Any CPU
		{3224AA90-DD05-4916-901C-DA32E15F55F5}.Release|Any CPU.ActiveCfg = Release|Any CPU
		{3224AA90-DD05-4916-901C-DA32E15F55F5}.Release|Any CPU.Build.0 = Release|Any CPU
		{DE33FC97-D673-42A3-AE11-1DC49AAC4BDF}.Debug|Any CPU.ActiveCfg = Debug|Any CPU
		{DE33FC97-D673-42A3-AE11-1DC49AAC4BDF}.Debug|Any CPU.Build.0 = Debug|Any CPU
		{DE33FC97-D673-42A3-AE11-1DC49AAC4BDF}.Release|Any CPU.ActiveCfg = Release|Any CPU
		{DE33FC97-D673-42A3-AE11-1DC49AAC4BDF}.Release|Any CPU.Build.0 = Release|Any CPU
		{98BA12F4-6E68-4DEA-99D7-5EFE68D7267E}.Debug|Any CPU.ActiveCfg = Debug|Any CPU
		{98BA12F4-6E68-4DEA-99D7-5EFE68D7267E}.Debug|Any CPU.Build.0 = Debug|Any CPU
		{98BA12F4-6E68-4DEA-99D7-5EFE68D7267E}.Release|Any CPU.ActiveCfg = Release|Any CPU
		{98BA12F4-6E68-4DEA-99D7-5EFE68D7267E}.Release|Any CPU.Build.0 = Release|Any CPU
		{0C6EF282-D2AB-4369-911F-33E35275D315}.Debug|Any CPU.ActiveCfg = Debug|Any CPU
		{0C6EF282-D2AB-4369-911F-33E35275D315}.Debug|Any CPU.Build.0 = Debug|Any CPU
		{0C6EF282-D2AB-4369-911F-33E35275D315}.Release|Any CPU.ActiveCfg = Release|Any CPU
		{0C6EF282-D2AB-4369-911F-33E35275D315}.Release|Any CPU.Build.0 = Release|Any CPU
	EndGlobalSection
	GlobalSection(SolutionProperties) = preSolution
		HideSolutionNode = FALSE
	EndGlobalSection
	GlobalSection(ExtensibilityGlobals) = postSolution
		SolutionGuid = {EFDB9646-6DF0-4A23-9EA6-DB41BACFB513}
	EndGlobalSection
EndGlobal
